
Microsoft Visual Studio Solution File, Format Version 12.00
# Visual Studio 15
VisualStudioVersion = 15.0.28307.489
MinimumVisualStudioVersion = 10.0.40219.1
Project("{FAE04EC0-301F-11D3-BF4B-00C04F79EFBC}") = "AuctionSite", "AuctionSite\AuctionSite.csproj", "{C2901B8B-5A45-48A8-9A33-7AA83BE2C2EB}"
EndProject
Project("{FAE04EC0-301F-11D3-BF4B-00C04F79EFBC}") = "AuctionSiteTest", "AuctionSiteTest\AuctionSiteTest.csproj", "{C6DBB978-34F7-43C6-9935-A51B2A05E995}"
EndProject
Project("{FAE04EC0-301F-11D3-BF4B-00C04F79EFBC}") = "Entities", "Entities\Entities.csproj", "{75953219-8372-4A06-B71A-E883927B135E}"
EndProject
Global
	GlobalSection(SolutionConfigurationPlatforms) = preSolution
		Debug|Any CPU = Debug|Any CPU
		Release|Any CPU = Release|Any CPU
	EndGlobalSection
	GlobalSection(ProjectConfigurationPlatforms) = postSolution
		{C2901B8B-5A45-48A8-9A33-7AA83BE2C2EB}.Debug|Any CPU.ActiveCfg = Debug|Any CPU
		{C2901B8B-5A45-48A8-9A33-7AA83BE2C2EB}.Debug|Any CPU.Build.0 = Debug|Any CPU
		{C2901B8B-5A45-48A8-9A33-7AA83BE2C2EB}.Release|Any CPU.ActiveCfg = Release|Any CPU
		{C2901B8B-5A45-48A8-9A33-7AA83BE2C2EB}.Release|Any CPU.Build.0 = Release|Any CPU
		{C6DBB978-34F7-43C6-9935-A51B2A05E995}.Debug|Any CPU.ActiveCfg = Debug|Any CPU
		{C6DBB978-34F7-43C6-9935-A51B2A05E995}.Debug|Any CPU.Build.0 = Debug|Any CPU
		{C6DBB978-34F7-43C6-9935-A51B2A05E995}.Release|Any CPU.ActiveCfg = Release|Any CPU
		{C6DBB978-34F7-43C6-9935-A51B2A05E995}.Release|Any CPU.Build.0 = Release|Any CPU
		{75953219-8372-4A06-B71A-E883927B135E}.Debug|Any CPU.ActiveCfg = Debug|Any CPU
		{75953219-8372-4A06-B71A-E883927B135E}.Debug|Any CPU.Build.0 = Debug|Any CPU
		{75953219-8372-4A06-B71A-E883927B135E}.Release|Any CPU.ActiveCfg = Release|Any CPU
		{75953219-8372-4A06-B71A-E883927B135E}.Release|Any CPU.Build.0 = Release|Any CPU
	EndGlobalSection
	GlobalSection(SolutionProperties) = preSolution
		HideSolutionNode = FALSE
	EndGlobalSection
	GlobalSection(ExtensibilityGlobals) = postSolution
		SolutionGuid = {AF429BF2-87EA-4115-B56C-496541BAA11C}
	EndGlobalSection
EndGlobal
